// !$*UTF8*$!
{
	archiveVersion = 1;
	classes = {
	};
	objectVersion = 46;
	objects = {

/* Begin PBXBuildFile section */
		EF9AFB871EA3F52D002F3FEC /* AppDelegate.swift in Sources */ = {isa = PBXBuildFile; fileRef = EF9AFB861EA3F52D002F3FEC /* AppDelegate.swift */; };
		EF9AFB891EA3F52D002F3FEC /* ViewController.swift in Sources */ = {isa = PBXBuildFile; fileRef = EF9AFB881EA3F52D002F3FEC /* ViewController.swift */; };
		EF9AFB8C1EA3F52D002F3FEC /* Main.storyboard in Resources */ = {isa = PBXBuildFile; fileRef = EF9AFB8A1EA3F52D002F3FEC /* Main.storyboard */; };
		EF9AFB8E1EA3F52D002F3FEC /* Assets.xcassets in Resources */ = {isa = PBXBuildFile; fileRef = EF9AFB8D1EA3F52D002F3FEC /* Assets.xcassets */; };
		EF9AFB911EA3F52D002F3FEC /* LaunchScreen.storyboard in Resources */ = {isa = PBXBuildFile; fileRef = EF9AFB8F1EA3F52D002F3FEC /* LaunchScreen.storyboard */; };
/* End PBXBuildFile section */

/* Begin PBXFileReference section */
		EF9AFB831EA3F52D002F3FEC /* ShareToWear.app */ = {isa = PBXFileReference; explicitFileType = wrapper.application; includeInIndex = 0; path = ShareToWear.app; sourceTree = BUILT_PRODUCTS_DIR; };
		EF9AFB861EA3F52D002F3FEC /* AppDelegate.swift */ = {isa = PBXFileReference; lastKnownFileType = sourcecode.swift; path = AppDelegate.swift; sourceTree = "<group>"; };
		EF9AFB881EA3F52D002F3FEC /* ViewController.swift */ = {isa = PBXFileReference; lastKnownFileType = sourcecode.swift; path = ViewController.swift; sourceTree = "<group>"; };
		EF9AFB8B1EA3F52D002F3FEC /* Base */ = {isa = PBXFileReference; lastKnownFileType = file.storyboard; name = Base; path = Base.lproj/Main.storyboard; sourceTree = "<group>"; };
		EF9AFB8D1EA3F52D002F3FEC /* Assets.xcassets */ = {isa = PBXFileReference; lastKnownFileType = folder.assetcatalog; path = Assets.xcassets; sourceTree = "<group>"; };
		EF9AFB901EA3F52D002F3FEC /* Base */ = {isa = PBXFileReference; lastKnownFileType = file.storyboard; name = Base; path = Base.lproj/LaunchScreen.storyboard; sourceTree = "<group>"; };
		EF9AFB921EA3F52D002F3FEC /* Info.plist */ = {isa = PBXFileReference; lastKnownFileType = text.plist.xml; path = Info.plist; sourceTree = "<group>"; };
/* End PBXFileReference section */

/* Begin PBXFrameworksBuildPhase section */
		EF9AFB801EA3F52D002F3FEC /* Frameworks */ = {
			isa = PBXFrameworksBuildPhase;
			buildActionMask = 2147483647;
			files = (
			);
			runOnlyForDeploymentPostprocessing = 0;
		};
/* End PBXFrameworksBuildPhase section */

/* Begin PBXGroup section */
		EF9AFB7A1EA3F52D002F3FEC = {
			isa = PBXGroup;
			children = (
				EF9AFB851EA3F52D002F3FEC /* ShareToWear */,
				EF9AFB841EA3F52D002F3FEC /* Products */,
			);
			sourceTree = "<group>";
		};
		EF9AFB841EA3F52D002F3FEC /* Products */ = {
			isa = PBXGroup;
			children = (
				EF9AFB831EA3F52D002F3FEC /* ShareToWear.app */,
			);
			name = Products;
			sourceTree = "<group>";
		};
		EF9AFB851EA3F52D002F3FEC /* ShareToWear */ = {
			isa = PBXGroup;
			children = (
				EF9AFB861EA3F52D002F3FEC /* AppDelegate.swift */,
				EF9AFB881EA3F52D002F3FEC /* ViewController.swift */,
				EF9AFB8A1EA3F52D002F3FEC /* Main.storyboard */,
				EF9AFB8D1EA3F52D002F3FEC /* Assets.xcassets */,
				EF9AFB8F1EA3F52D002F3FEC /* LaunchScreen.storyboard */,
				EF9AFB921EA3F52D002F3FEC /* Info.plist */,
			);
			path = ShareToWear;
			sourceTree = "<group>";
		};
/* End PBXGroup section */

/* Begin PBXNativeTarget section */
		EF9AFB821EA3F52D002F3FEC /* ShareToWear */ = {
			isa = PBXNativeTarget;
			buildConfigurationList = EF9AFB951EA3F52D002F3FEC /* Build configuration list for PBXNativeTarget "ShareToWear" */;
			buildPhases = (
				EF9AFB7F1EA3F52D002F3FEC /* Sources */,
				EF9AFB801EA3F52D002F3FEC /* Frameworks */,
				EF9AFB811EA3F52D002F3FEC /* Resources */,
			);
			buildRules = (
			);
			dependencies = (
			);
			name = ShareToWear;
			productName = ShareToWear;
			productReference = EF9AFB831EA3F52D002F3FEC /* ShareToWear.app */;
			productType = "com.apple.product-type.application";
		};
/* End PBXNativeTarget section */

/* Begin PBXProject section */
		EF9AFB7B1EA3F52D002F3FEC /* Project object */ = {
			isa = PBXProject;
			attributes = {
				LastSwiftUpdateCheck = 0830;
				LastUpgradeCheck = 0830;
				ORGANIZATIONNAME = "Kayla Nahi";
				TargetAttributes = {
					EF9AFB821EA3F52D002F3FEC = {
						CreatedOnToolsVersion = 8.3.1;
						ProvisioningStyle = Automatic;
					};
				};
			};
			buildConfigurationList = EF9AFB7E1EA3F52D002F3FEC /* Build configuration list for PBXProject "ShareToWear" */;
			compatibilityVersion = "Xcode 3.2";
			developmentRegion = English;
			hasScannedForEncodings = 0;
			knownRegions = (
				en,
				Base,
			);
			mainGroup = EF9AFB7A1EA3F52D002F3FEC;
			productRefGroup = EF9AFB841EA3F52D002F3FEC /* Products */;
			projectDirPath = "";
			projectRoot = "";
			targets = (
				EF9AFB821EA3F52D002F3FEC /* ShareToWear */,
			);
		};
/* End PBXProject section */

/* Begin PBXResourcesBuildPhase section */
		EF9AFB811EA3F52D002F3FEC /* Resources */ = {
			isa = PBXResourcesBuildPhase;
			buildActionMask = 2147483647;
			files = (
				EF9AFB911EA3F52D002F3FEC /* LaunchScreen.storyboard in Resources */,
				EF9AFB8E1EA3F52D002F3FEC /* Assets.xcassets in Resources */,
				EF9AFB8C1EA3F52D002F3FEC /* Main.storyboard in Resources */,
			);
			runOnlyForDeploymentPostprocessing = 0;
		};
/* End PBXResourcesBuildPhase section */

/* Begin PBXSourcesBuildPhase section */
		EF9AFB7F1EA3F52D002F3FEC /* Sources */ = {
			isa = PBXSourcesBuildPhase;
			buildActionMask = 2147483647;
			files = (
				EF9AFB891EA3F52D002F3FEC /* ViewController.swift in Sources */,
				EF9AFB871EA3F52D002F3FEC /* AppDelegate.swift in Sources */,
			);
			runOnlyForDeploymentPostprocessing = 0;
		};
/* End PBXSourcesBuildPhase section */

/* Begin PBXVariantGroup section */
		EF9AFB8A1EA3F52D002F3FEC /* Main.storyboard */ = {
			isa = PBXVariantGroup;
			children = (
				EF9AFB8B1EA3F52D002F3FEC /* Base */,
			);
			name = Main.storyboard;
			sourceTree = "<group>";
		};
		EF9AFB8F1EA3F52D002F3FEC /* LaunchScreen.storyboard */ = {
			isa = PBXVariantGroup;
			children = (
				EF9AFB901EA3F52D002F3FEC /* Base */,
			);
			name = LaunchScreen.storyboard;
			sourceTree = "<group>";
		};
/* End PBXVariantGroup section */

/* Begin XCBuildConfiguration section */
		EF9AFB931EA3F52D002F3FEC /* Debug */ = {
			isa = XCBuildConfiguration;
			buildSettings = {
				ALWAYS_SEARCH_USER_PATHS = NO;
				CLANG_ANALYZER_NONNULL = YES;
				CLANG_ANALYZER_NUMBER_OBJECT_CONVERSION = YES_AGGRESSIVE;
				CLANG_CXX_LANGUAGE_STANDARD = "gnu++0x";
				CLANG_CXX_LIBRARY = "libc++";
				CLANG_ENABLE_MODULES = YES;
				CLANG_ENABLE_OBJC_ARC = YES;
				CLANG_WARN_BOOL_CONVERSION = YES;
				CLANG_WARN_CONSTANT_CONVERSION = YES;
				CLANG_WARN_DIRECT_OBJC_ISA_USAGE = YES_ERROR;
				CLANG_WARN_DOCUMENTATION_COMMENTS = YES;
				CLANG_WARN_EMPTY_BODY = YES;
				CLANG_WARN_ENUM_CONVERSION = YES;
				CLANG_WARN_INFINITE_RECURSION = YES;
				CLANG_WARN_INT_CONVERSION = YES;
				CLANG_WARN_OBJC_ROOT_CLASS = YES_ERROR;
				CLANG_WARN_SUSPICIOUS_MOVE = YES;
				CLANG_WARN_UNREACHABLE_CODE = YES;
				CLANG_WARN__DUPLICATE_METHOD_MATCH = YES;
				"CODE_SIGN_IDENTITY[sdk=iphoneos*]" = "iPhone Developer";
				COPY_PHASE_STRIP = NO;
				DEBUG_INFORMATION_FORMAT = dwarf;
				ENABLE_STRICT_OBJC_MSGSEND = YES;
				ENABLE_TESTABILITY = YES;
				GCC_C_LANGUAGE_STANDARD = gnu99;
				GCC_DYNAMIC_NO_PIC = NO;
				GCC_NO_COMMON_BLOCKS = YES;
				GCC_OPTIMIZATION_LEVEL = 0;
				GCC_PREPROCESSOR_DEFINITIONS = (
					"DEBUG=1",
					"$(inherited)",
				);
				GCC_WARN_64_TO_32_BIT_CONVERSION = YES;
				GCC_WARN_ABOUT_RETURN_TYPE = YES_ERROR;
				GCC_WARN_UNDECLARED_SELECTOR = YES;
				GCC_WARN_UNINITIALIZED_AUTOS = YES_AGGRESSIVE;
				GCC_WARN_UNUSED_FUNCTION = YES;
				GCC_WARN_UNUSED_VARIABLE = YES;
				IPHONEOS_DEPLOYMENT_TARGET = 10.3;
				MTL_ENABLE_DEBUG_INFO = YES;
				ONLY_ACTIVE_ARCH = YES;
				SDKROOT = iphoneos;
				SWIFT_ACTIVE_COMPILATION_CONDITIONS = DEBUG;
				SWIFT_OPTIMIZATION_LEVEL = "-Onone";
			};
			name = Debug;
		};
		EF9AFB941EA3F52D002F3FEC /* Release */ = {
			isa = XCBuildConfiguration;
			buildSettings = {
				ALWAYS_SEARCH_USER_PATHS = NO;
				CLANG_ANALYZER_NONNULL = YES;
				CLANG_ANALYZER_NUMBER_OBJECT_CONVERSION = YES_AGGRESSIVE;
				CLANG_CXX_LANGUAGE_STANDARD = "gnu++0x";
				CLANG_CXX_LIBRARY = "libc++";
				CLANG_ENABLE_MODULES = YES;
				CLANG_ENABLE_OBJC_ARC = YES;
				CLANG_WARN_BOOL_CONVERSION = YES;
				CLANG_WARN_CONSTANT_CONVERSION = YES;
				CLANG_WARN_DIRECT_OBJC_ISA_USAGE = YES_ERROR;
				CLANG_WARN_DOCUMENTATION_COMMENTS = YES;
				CLANG_WARN_EMPTY_BODY = YES;
				CLANG_WARN_ENUM_CONVERSION = YES;
				CLANG_WARN_INFINITE_RECURSION = YES;
				CLANG_WARN_INT_CONVERSION = YES;
				CLANG_WARN_OBJC_ROOT_CLASS = YES_ERROR;
				CLANG_WARN_SUSPICIOUS_MOVE = YES;
				CLANG_WARN_UNREACHABLE_CODE = YES;
				CLANG_WARN__DUPLICATE_METHOD_MATCH = YES;
				"CODE_SIGN_IDENTITY[sdk=iphoneos*]" = "iPhone Developer";
				COPY_PHASE_STRIP = NO;
				DEBUG_INFORMATION_FORMAT = "dwarf-with-dsym";
				ENABLE_NS_ASSERTIONS = NO;
				ENABLE_STRICT_OBJC_MSGSEND = YES;
				GCC_C_LANGUAGE_STANDARD = gnu99;
				GCC_NO_COMMON_BLOCKS = YES;
				GCC_WARN_64_TO_32_BIT_CONVERSION = YES;
				GCC_WARN_ABOUT_RETURN_TYPE = YES_ERROR;
				GCC_WARN_UNDECLARED_SELECTOR = YES;
				GCC_WARN_UNINITIALIZED_AUTOS = YES_AGGRESSIVE;
				GCC_WARN_UNUSED_FUNCTION = YES;
				GCC_WARN_UNUSED_VARIABLE = YES;
				IPHONEOS_DEPLOYMENT_TARGET = 10.3;
				MTL_ENABLE_DEBUG_INFO = NO;
				SDKROOT = iphoneos;
				SWIFT_OPTIMIZATION_LEVEL = "-Owholemodule";
				VALIDATE_PRODUCT = YES;
			};
			name = Release;
		};
		EF9AFB961EA3F52D002F3FEC /* Debug */ = {
			isa = XCBuildConfiguration;
			buildSettings = {
				ASSETCATALOG_COMPILER_APPICON_NAME = AppIcon;
				INFOPLIST_FILE = ShareToWear/Info.plist;
				LD_RUNPATH_SEARCH_PATHS = "$(inherited) @executable_path/Frameworks";
				PRODUCT_BUNDLE_IDENTIFIER = edu.middleburycs466.ShareToWear;
				PRODUCT_NAME = "$(TARGET_NAME)";
				SWIFT_VERSION = 3.0;
			};
			name = Debug;
		};
		EF9AFB971EA3F52D002F3FEC /* Release */ = {
			isa = XCBuildConfiguration;
			buildSettings = {
				ASSETCATALOG_COMPILER_APPICON_NAME = AppIcon;
				INFOPLIST_FILE = ShareToWear/Info.plist;
				LD_RUNPATH_SEARCH_PATHS = "$(inherited) @executable_path/Frameworks";
				PRODUCT_BUNDLE_IDENTIFIER = edu.middleburycs466.ShareToWear;
				PRODUCT_NAME = "$(TARGET_NAME)";
				SWIFT_VERSION = 3.0;
			};
			name = Release;
		};
/* End XCBuildConfiguration section */

/* Begin XCConfigurationList section */
		EF9AFB7E1EA3F52D002F3FEC /* Build configuration list for PBXProject "ShareToWear" */ = {
			isa = XCConfigurationList;
			buildConfigurations = (
				EF9AFB931EA3F52D002F3FEC /* Debug */,
				EF9AFB941EA3F52D002F3FEC /* Release */,
			);
			defaultConfigurationIsVisible = 0;
			defaultConfigurationName = Release;
		};
		EF9AFB951EA3F52D002F3FEC /* Build configuration list for PBXNativeTarget "ShareToWear" */ = {
			isa = XCConfigurationList;
			buildConfigurations = (
				EF9AFB961EA3F52D002F3FEC /* Debug */,
				EF9AFB971EA3F52D002F3FEC /* Release */,
			);
			defaultConfigurationIsVisible = 0;
		};
/* End XCConfigurationList section */
	};
	rootObject = EF9AFB7B1EA3F52D002F3FEC /* Project object */;
}
