// !$*UTF8*$!
{
	archiveVersion = 1;
	classes = {
	};
	objectVersion = 46;
	objects = {

/* Begin PBXBuildFile section */
		167DB27A1EA6FB030084D985 /* DressesSharedViewController.swift in Sources */ = {isa = PBXBuildFile; fileRef = 167DB2791EA6FB030084D985 /* DressesSharedViewController.swift */; };
		167DB27C1EA6FC090084D985 /* DressesRentedViewController.swift in Sources */ = {isa = PBXBuildFile; fileRef = 167DB27B1EA6FC090084D985 /* DressesRentedViewController.swift */; };
		1681D3EF1EB151B000BEEC4D /* HomeViewController.swift in Sources */ = {isa = PBXBuildFile; fileRef = 1681D3EE1EB151B000BEEC4D /* HomeViewController.swift */; };
		1681D3F11EB156E800BEEC4D /* ShareViewController.swift in Sources */ = {isa = PBXBuildFile; fileRef = 1681D3F01EB156E800BEEC4D /* ShareViewController.swift */; };
		1681D3F31EB15F3D00BEEC4D /* SubmitInfoModel.swift in Sources */ = {isa = PBXBuildFile; fileRef = 1681D3F21EB15F3D00BEEC4D /* SubmitInfoModel.swift */; };
		1681D3F51EB1664C00BEEC4D /* SubmitReviewViewController.swift in Sources */ = {isa = PBXBuildFile; fileRef = 1681D3F41EB1664C00BEEC4D /* SubmitReviewViewController.swift */; };
		1681D4041EB17F9200BEEC4D /* UserInfoModel.swift in Sources */ = {isa = PBXBuildFile; fileRef = 1681D4031EB17F9200BEEC4D /* UserInfoModel.swift */; };
		1681D40E1EB1928E00BEEC4D /* DressCollection.swift in Sources */ = {isa = PBXBuildFile; fileRef = 1681D40D1EB1928E00BEEC4D /* DressCollection.swift */; };
		1681D4101EB1983700BEEC4D /* DressDetailViewController.swift in Sources */ = {isa = PBXBuildFile; fileRef = 1681D40F1EB1983700BEEC4D /* DressDetailViewController.swift */; };
		1681D4161EB199E500BEEC4D /* IMG_2535.jpg in Resources */ = {isa = PBXBuildFile; fileRef = 1681D4111EB199E500BEEC4D /* IMG_2535.jpg */; };
		1681D4171EB199E500BEEC4D /* IMG_2422.jpg in Resources */ = {isa = PBXBuildFile; fileRef = 1681D4121EB199E500BEEC4D /* IMG_2422.jpg */; };
		1681D4181EB199E500BEEC4D /* IMG_2395.jpg in Resources */ = {isa = PBXBuildFile; fileRef = 1681D4131EB199E500BEEC4D /* IMG_2395.jpg */; };
		1681D4191EB199E500BEEC4D /* IMG_2379.jpg in Resources */ = {isa = PBXBuildFile; fileRef = 1681D4141EB199E500BEEC4D /* IMG_2379.jpg */; };
		1681D41A1EB199E500BEEC4D /* IMG_2339.jpg in Resources */ = {isa = PBXBuildFile; fileRef = 1681D4151EB199E500BEEC4D /* IMG_2339.jpg */; };
		1681D41C1EB19B4900BEEC4D /* DressButtonModel.swift in Sources */ = {isa = PBXBuildFile; fileRef = 1681D41B1EB19B4900BEEC4D /* DressButtonModel.swift */; };
		1681D41E1EB1A0D700BEEC4D /* RentDressViewController.swift in Sources */ = {isa = PBXBuildFile; fileRef = 1681D41D1EB1A0D700BEEC4D /* RentDressViewController.swift */; };
		1681D4201EB1A32000BEEC4D /* DropOffViewController.swift in Sources */ = {isa = PBXBuildFile; fileRef = 1681D41F1EB1A32000BEEC4D /* DropOffViewController.swift */; };
		1681D4221EB1A90E00BEEC4D /* RentReviewViewController.swift in Sources */ = {isa = PBXBuildFile; fileRef = 1681D4211EB1A90E00BEEC4D /* RentReviewViewController.swift */; };
		16868CE41EAF868000ED32C9 /* ColorFilterViewController.swift in Sources */ = {isa = PBXBuildFile; fileRef = 16868CE31EAF868000ED32C9 /* ColorFilterViewController.swift */; };
		16868CE61EAF924E00ED32C9 /* PriceFilterViewController.swift in Sources */ = {isa = PBXBuildFile; fileRef = 16868CE51EAF924E00ED32C9 /* PriceFilterViewController.swift */; };
		16868CE81EAFBA9C00ED32C9 /* FilterModel.swift in Sources */ = {isa = PBXBuildFile; fileRef = 16868CE71EAFBA9C00ED32C9 /* FilterModel.swift */; };
		16868CEE1EAFE8B100ED32C9 /* AvailabilityViewController.swift in Sources */ = {isa = PBXBuildFile; fileRef = 16868CED1EAFE8B100ED32C9 /* AvailabilityViewController.swift */; };
		16DF66061EAED3B5006AB387 /* BrowseViewController.swift in Sources */ = {isa = PBXBuildFile; fileRef = 16DF66051EAED3B5006AB387 /* BrowseViewController.swift */; };
		16DF66081EAED67C006AB387 /* SizeFilterViewController.swift in Sources */ = {isa = PBXBuildFile; fileRef = 16DF66071EAED67C006AB387 /* SizeFilterViewController.swift */; };
		EF02EE6D1EB25DA6006CFECD /* ShareToWear - 151.jpg in Resources */ = {isa = PBXBuildFile; fileRef = EF02EE6C1EB25DA6006CFECD /* ShareToWear - 151.jpg */; };
		EF02EE6F1EB25F41006CFECD /* ShareToWear - 125.jpg in Resources */ = {isa = PBXBuildFile; fileRef = EF02EE6E1EB25F40006CFECD /* ShareToWear - 125.jpg */; };
		EF9AFB871EA3F52D002F3FEC /* AppDelegate.swift in Sources */ = {isa = PBXBuildFile; fileRef = EF9AFB861EA3F52D002F3FEC /* AppDelegate.swift */; };
		EF9AFB891EA3F52D002F3FEC /* ViewController.swift in Sources */ = {isa = PBXBuildFile; fileRef = EF9AFB881EA3F52D002F3FEC /* ViewController.swift */; };
		EF9AFB8C1EA3F52D002F3FEC /* Main.storyboard in Resources */ = {isa = PBXBuildFile; fileRef = EF9AFB8A1EA3F52D002F3FEC /* Main.storyboard */; };
		EF9AFB8E1EA3F52D002F3FEC /* Assets.xcassets in Resources */ = {isa = PBXBuildFile; fileRef = EF9AFB8D1EA3F52D002F3FEC /* Assets.xcassets */; };
		EF9AFB911EA3F52D002F3FEC /* LaunchScreen.storyboard in Resources */ = {isa = PBXBuildFile; fileRef = EF9AFB8F1EA3F52D002F3FEC /* LaunchScreen.storyboard */; };
		EF9AFBA51EA40D56002F3FEC /* MySTWViewController.swift in Sources */ = {isa = PBXBuildFile; fileRef = EF9AFBA41EA40D56002F3FEC /* MySTWViewController.swift */; };
		EF9AFBA71EA414F3002F3FEC /* AboutViewController.swift in Sources */ = {isa = PBXBuildFile; fileRef = EF9AFBA61EA414F3002F3FEC /* AboutViewController.swift */; };
		EFB7F3A61EB238D500EA2E02 /* Dress1.png in Resources */ = {isa = PBXBuildFile; fileRef = EFB7F3A21EB238D400EA2E02 /* Dress1.png */; };
		EFB7F3A71EB238D500EA2E02 /* Hearts1.png in Resources */ = {isa = PBXBuildFile; fileRef = EFB7F3A31EB238D500EA2E02 /* Hearts1.png */; };
		EFB7F3A81EB238D500EA2E02 /* Home1.png in Resources */ = {isa = PBXBuildFile; fileRef = EFB7F3A41EB238D500EA2E02 /* Home1.png */; };
		EFB7F3A91EB238D500EA2E02 /* MySTW1.png in Resources */ = {isa = PBXBuildFile; fileRef = EFB7F3A51EB238D500EA2E02 /* MySTW1.png */; };
		EFB7F3AB1EB239BD00EA2E02 /* Info.png in Resources */ = {isa = PBXBuildFile; fileRef = EFB7F3AA1EB239BD00EA2E02 /* Info.png */; };
		EFB7F3AD1EB23D0700EA2E02 /* BrowseDressListing.swift in Sources */ = {isa = PBXBuildFile; fileRef = EFB7F3AC1EB23D0700EA2E02 /* BrowseDressListing.swift */; };
/* End PBXBuildFile section */

/* Begin PBXFileReference section */
		167DB2791EA6FB030084D985 /* DressesSharedViewController.swift */ = {isa = PBXFileReference; fileEncoding = 4; lastKnownFileType = sourcecode.swift; path = DressesSharedViewController.swift; sourceTree = "<group>"; };
		167DB27B1EA6FC090084D985 /* DressesRentedViewController.swift */ = {isa = PBXFileReference; fileEncoding = 4; lastKnownFileType = sourcecode.swift; path = DressesRentedViewController.swift; sourceTree = "<group>"; };
		1681D3EE1EB151B000BEEC4D /* HomeViewController.swift */ = {isa = PBXFileReference; fileEncoding = 4; lastKnownFileType = sourcecode.swift; name = HomeViewController.swift; path = ShareToWear/HomeViewController.swift; sourceTree = "<group>"; };
		1681D3F01EB156E800BEEC4D /* ShareViewController.swift */ = {isa = PBXFileReference; fileEncoding = 4; lastKnownFileType = sourcecode.swift; path = ShareViewController.swift; sourceTree = "<group>"; };
		1681D3F21EB15F3D00BEEC4D /* SubmitInfoModel.swift */ = {isa = PBXFileReference; fileEncoding = 4; lastKnownFileType = sourcecode.swift; path = SubmitInfoModel.swift; sourceTree = "<group>"; };
		1681D3F41EB1664C00BEEC4D /* SubmitReviewViewController.swift */ = {isa = PBXFileReference; fileEncoding = 4; lastKnownFileType = sourcecode.swift; path = SubmitReviewViewController.swift; sourceTree = "<group>"; };
		1681D4031EB17F9200BEEC4D /* UserInfoModel.swift */ = {isa = PBXFileReference; fileEncoding = 4; lastKnownFileType = sourcecode.swift; path = UserInfoModel.swift; sourceTree = "<group>"; };
		1681D40D1EB1928E00BEEC4D /* DressCollection.swift */ = {isa = PBXFileReference; fileEncoding = 4; lastKnownFileType = sourcecode.swift; path = DressCollection.swift; sourceTree = "<group>"; };
		1681D40F1EB1983700BEEC4D /* DressDetailViewController.swift */ = {isa = PBXFileReference; fileEncoding = 4; lastKnownFileType = sourcecode.swift; path = DressDetailViewController.swift; sourceTree = "<group>"; };
		1681D4111EB199E500BEEC4D /* IMG_2535.jpg */ = {isa = PBXFileReference; lastKnownFileType = image.jpeg; name = IMG_2535.jpg; path = "../../../../Downloads/Photos (1)/IMG_2535.jpg"; sourceTree = "<group>"; };
		1681D4121EB199E500BEEC4D /* IMG_2422.jpg */ = {isa = PBXFileReference; lastKnownFileType = image.jpeg; name = IMG_2422.jpg; path = "../../../../Downloads/Photos (1)/IMG_2422.jpg"; sourceTree = "<group>"; };
		1681D4131EB199E500BEEC4D /* IMG_2395.jpg */ = {isa = PBXFileReference; lastKnownFileType = image.jpeg; name = IMG_2395.jpg; path = "../../../../Downloads/Photos (1)/IMG_2395.jpg"; sourceTree = "<group>"; };
		1681D4141EB199E500BEEC4D /* IMG_2379.jpg */ = {isa = PBXFileReference; lastKnownFileType = image.jpeg; name = IMG_2379.jpg; path = "../../../../Downloads/Photos (1)/IMG_2379.jpg"; sourceTree = "<group>"; };
		1681D4151EB199E500BEEC4D /* IMG_2339.jpg */ = {isa = PBXFileReference; lastKnownFileType = image.jpeg; name = IMG_2339.jpg; path = "../../../../Downloads/Photos (1)/IMG_2339.jpg"; sourceTree = "<group>"; };
		1681D41B1EB19B4900BEEC4D /* DressButtonModel.swift */ = {isa = PBXFileReference; fileEncoding = 4; lastKnownFileType = sourcecode.swift; path = DressButtonModel.swift; sourceTree = "<group>"; };
		1681D41D1EB1A0D700BEEC4D /* RentDressViewController.swift */ = {isa = PBXFileReference; fileEncoding = 4; lastKnownFileType = sourcecode.swift; path = RentDressViewController.swift; sourceTree = "<group>"; };
		1681D41F1EB1A32000BEEC4D /* DropOffViewController.swift */ = {isa = PBXFileReference; fileEncoding = 4; lastKnownFileType = sourcecode.swift; path = DropOffViewController.swift; sourceTree = "<group>"; };
		1681D4211EB1A90E00BEEC4D /* RentReviewViewController.swift */ = {isa = PBXFileReference; fileEncoding = 4; lastKnownFileType = sourcecode.swift; path = RentReviewViewController.swift; sourceTree = "<group>"; };
		16868CE31EAF868000ED32C9 /* ColorFilterViewController.swift */ = {isa = PBXFileReference; fileEncoding = 4; lastKnownFileType = sourcecode.swift; path = ColorFilterViewController.swift; sourceTree = "<group>"; };
		16868CE51EAF924E00ED32C9 /* PriceFilterViewController.swift */ = {isa = PBXFileReference; fileEncoding = 4; lastKnownFileType = sourcecode.swift; path = PriceFilterViewController.swift; sourceTree = "<group>"; };
		16868CE71EAFBA9C00ED32C9 /* FilterModel.swift */ = {isa = PBXFileReference; fileEncoding = 4; lastKnownFileType = sourcecode.swift; path = FilterModel.swift; sourceTree = "<group>"; };
		16868CED1EAFE8B100ED32C9 /* AvailabilityViewController.swift */ = {isa = PBXFileReference; fileEncoding = 4; lastKnownFileType = sourcecode.swift; path = AvailabilityViewController.swift; sourceTree = "<group>"; };
		16DF66051EAED3B5006AB387 /* BrowseViewController.swift */ = {isa = PBXFileReference; fileEncoding = 4; lastKnownFileType = sourcecode.swift; path = BrowseViewController.swift; sourceTree = "<group>"; };
		16DF66071EAED67C006AB387 /* SizeFilterViewController.swift */ = {isa = PBXFileReference; fileEncoding = 4; lastKnownFileType = sourcecode.swift; path = SizeFilterViewController.swift; sourceTree = "<group>"; };
		EF02EE6C1EB25DA6006CFECD /* ShareToWear - 151.jpg */ = {isa = PBXFileReference; lastKnownFileType = image.jpeg; name = "ShareToWear - 151.jpg"; path = "../Images/ShareToWear - 151.jpg"; sourceTree = "<group>"; };
		EF02EE6E1EB25F40006CFECD /* ShareToWear - 125.jpg */ = {isa = PBXFileReference; lastKnownFileType = image.jpeg; name = "ShareToWear - 125.jpg"; path = "../Images/ShareToWear - 125.jpg"; sourceTree = "<group>"; };
		EF9AFB831EA3F52D002F3FEC /* ShareToWear.app */ = {isa = PBXFileReference; explicitFileType = wrapper.application; includeInIndex = 0; path = ShareToWear.app; sourceTree = BUILT_PRODUCTS_DIR; };
		EF9AFB861EA3F52D002F3FEC /* AppDelegate.swift */ = {isa = PBXFileReference; lastKnownFileType = sourcecode.swift; path = AppDelegate.swift; sourceTree = "<group>"; };
		EF9AFB881EA3F52D002F3FEC /* ViewController.swift */ = {isa = PBXFileReference; lastKnownFileType = sourcecode.swift; path = ViewController.swift; sourceTree = "<group>"; };
		EF9AFB8B1EA3F52D002F3FEC /* Base */ = {isa = PBXFileReference; lastKnownFileType = file.storyboard; name = Base; path = Base.lproj/Main.storyboard; sourceTree = "<group>"; };
		EF9AFB8D1EA3F52D002F3FEC /* Assets.xcassets */ = {isa = PBXFileReference; lastKnownFileType = folder.assetcatalog; path = Assets.xcassets; sourceTree = "<group>"; };
		EF9AFB901EA3F52D002F3FEC /* Base */ = {isa = PBXFileReference; lastKnownFileType = file.storyboard; name = Base; path = Base.lproj/LaunchScreen.storyboard; sourceTree = "<group>"; };
		EF9AFB921EA3F52D002F3FEC /* Info.plist */ = {isa = PBXFileReference; lastKnownFileType = text.plist.xml; path = Info.plist; sourceTree = "<group>"; };
		EF9AFBA41EA40D56002F3FEC /* MySTWViewController.swift */ = {isa = PBXFileReference; fileEncoding = 4; lastKnownFileType = sourcecode.swift; path = MySTWViewController.swift; sourceTree = "<group>"; };
		EF9AFBA61EA414F3002F3FEC /* AboutViewController.swift */ = {isa = PBXFileReference; fileEncoding = 4; lastKnownFileType = sourcecode.swift; path = AboutViewController.swift; sourceTree = "<group>"; };
		EFB7F3A21EB238D400EA2E02 /* Dress1.png */ = {isa = PBXFileReference; lastKnownFileType = image.png; name = Dress1.png; path = ../../Icons/Dress1.png; sourceTree = "<group>"; };
		EFB7F3A31EB238D500EA2E02 /* Hearts1.png */ = {isa = PBXFileReference; lastKnownFileType = image.png; name = Hearts1.png; path = ../../Icons/Hearts1.png; sourceTree = "<group>"; };
		EFB7F3A41EB238D500EA2E02 /* Home1.png */ = {isa = PBXFileReference; lastKnownFileType = image.png; name = Home1.png; path = ../../Icons/Home1.png; sourceTree = "<group>"; };
		EFB7F3A51EB238D500EA2E02 /* MySTW1.png */ = {isa = PBXFileReference; lastKnownFileType = image.png; name = MySTW1.png; path = ../../Icons/MySTW1.png; sourceTree = "<group>"; };
		EFB7F3AA1EB239BD00EA2E02 /* Info.png */ = {isa = PBXFileReference; lastKnownFileType = image.png; name = Info.png; path = ../../Icons/Info.png; sourceTree = "<group>"; };
		EFB7F3AC1EB23D0700EA2E02 /* BrowseDressListing.swift */ = {isa = PBXFileReference; fileEncoding = 4; lastKnownFileType = sourcecode.swift; path = BrowseDressListing.swift; sourceTree = "<group>"; };
/* End PBXFileReference section */

/* Begin PBXFrameworksBuildPhase section */
		EF9AFB801EA3F52D002F3FEC /* Frameworks */ = {
			isa = PBXFrameworksBuildPhase;
			buildActionMask = 2147483647;
			files = (
			);
			runOnlyForDeploymentPostprocessing = 0;
		};
/* End PBXFrameworksBuildPhase section */

/* Begin PBXGroup section */
		1681D3F61EB17BA400BEEC4D /* Dresses */ = {
			isa = PBXGroup;
			children = (
				EF02EE6E1EB25F40006CFECD /* ShareToWear - 125.jpg */,
				EF02EE6C1EB25DA6006CFECD /* ShareToWear - 151.jpg */,
				1681D4111EB199E500BEEC4D /* IMG_2535.jpg */,
				1681D4121EB199E500BEEC4D /* IMG_2422.jpg */,
				1681D4131EB199E500BEEC4D /* IMG_2395.jpg */,
				1681D4141EB199E500BEEC4D /* IMG_2379.jpg */,
				1681D4151EB199E500BEEC4D /* IMG_2339.jpg */,
			);
			name = Dresses;
			path = ..;
			sourceTree = "<group>";
		};
		EF9AFB7A1EA3F52D002F3FEC = {
			isa = PBXGroup;
			children = (
				16868CED1EAFE8B100ED32C9 /* AvailabilityViewController.swift */,
				1681D3EE1EB151B000BEEC4D /* HomeViewController.swift */,
				EF9AFB851EA3F52D002F3FEC /* ShareToWear */,
				EF9AFB841EA3F52D002F3FEC /* Products */,
			);
			sourceTree = "<group>";
		};
		EF9AFB841EA3F52D002F3FEC /* Products */ = {
			isa = PBXGroup;
			children = (
				EF9AFB831EA3F52D002F3FEC /* ShareToWear.app */,
			);
			name = Products;
			sourceTree = "<group>";
		};
		EF9AFB851EA3F52D002F3FEC /* ShareToWear */ = {
			isa = PBXGroup;
			children = (
				1681D4211EB1A90E00BEEC4D /* RentReviewViewController.swift */,
				1681D41D1EB1A0D700BEEC4D /* RentDressViewController.swift */,
				1681D41F1EB1A32000BEEC4D /* DropOffViewController.swift */,
				1681D40F1EB1983700BEEC4D /* DressDetailViewController.swift */,
				EFB7F3AC1EB23D0700EA2E02 /* BrowseDressListing.swift */,
				1681D40D1EB1928E00BEEC4D /* DressCollection.swift */,
				1681D3F41EB1664C00BEEC4D /* SubmitReviewViewController.swift */,
				1681D3F61EB17BA400BEEC4D /* Dresses */,
				EF9AFB861EA3F52D002F3FEC /* AppDelegate.swift */,
				16868CE71EAFBA9C00ED32C9 /* FilterModel.swift */,
				EF9AFB881EA3F52D002F3FEC /* ViewController.swift */,
				EF9AFB8A1EA3F52D002F3FEC /* Main.storyboard */,
				1681D41B1EB19B4900BEEC4D /* DressButtonModel.swift */,
				1681D4031EB17F9200BEEC4D /* UserInfoModel.swift */,
				1681D3F01EB156E800BEEC4D /* ShareViewController.swift */,
				1681D3F21EB15F3D00BEEC4D /* SubmitInfoModel.swift */,
				167DB2791EA6FB030084D985 /* DressesSharedViewController.swift */,
				167DB27B1EA6FC090084D985 /* DressesRentedViewController.swift */,
				16DF66051EAED3B5006AB387 /* BrowseViewController.swift */,
				16DF66071EAED67C006AB387 /* SizeFilterViewController.swift */,
				16868CE31EAF868000ED32C9 /* ColorFilterViewController.swift */,
				16868CE51EAF924E00ED32C9 /* PriceFilterViewController.swift */,
				EF9AFBA81EA41601002F3FEC /* Icons */,
				EF9AFBA61EA414F3002F3FEC /* AboutViewController.swift */,
				EF9AFBA41EA40D56002F3FEC /* MySTWViewController.swift */,
				EF9AFB8D1EA3F52D002F3FEC /* Assets.xcassets */,
				EF9AFB8F1EA3F52D002F3FEC /* LaunchScreen.storyboard */,
				EF9AFB921EA3F52D002F3FEC /* Info.plist */,
			);
			path = ShareToWear;
			sourceTree = "<group>";
		};
		EF9AFBA81EA41601002F3FEC /* Icons */ = {
			isa = PBXGroup;
			children = (
				EFB7F3AA1EB239BD00EA2E02 /* Info.png */,
				EFB7F3A21EB238D400EA2E02 /* Dress1.png */,
				EFB7F3A31EB238D500EA2E02 /* Hearts1.png */,
				EFB7F3A41EB238D500EA2E02 /* Home1.png */,
				EFB7F3A51EB238D500EA2E02 /* MySTW1.png */,
			);
			name = Icons;
			sourceTree = "<group>";
		};
/* End PBXGroup section */

/* Begin PBXNativeTarget section */
		EF9AFB821EA3F52D002F3FEC /* ShareToWear */ = {
			isa = PBXNativeTarget;
			buildConfigurationList = EF9AFB951EA3F52D002F3FEC /* Build configuration list for PBXNativeTarget "ShareToWear" */;
			buildPhases = (
				EF9AFB7F1EA3F52D002F3FEC /* Sources */,
				EF9AFB801EA3F52D002F3FEC /* Frameworks */,
				EF9AFB811EA3F52D002F3FEC /* Resources */,
			);
			buildRules = (
			);
			dependencies = (
			);
			name = ShareToWear;
			productName = ShareToWear;
			productReference = EF9AFB831EA3F52D002F3FEC /* ShareToWear.app */;
			productType = "com.apple.product-type.application";
		};
/* End PBXNativeTarget section */

/* Begin PBXProject section */
		EF9AFB7B1EA3F52D002F3FEC /* Project object */ = {
			isa = PBXProject;
			attributes = {
				LastSwiftUpdateCheck = 0830;
				LastUpgradeCheck = 0830;
				ORGANIZATIONNAME = "Kayla Nahi";
				TargetAttributes = {
					EF9AFB821EA3F52D002F3FEC = {
						CreatedOnToolsVersion = 8.3.1;
						DevelopmentTeam = H383N4F5AA;
						ProvisioningStyle = Automatic;
					};
				};
			};
			buildConfigurationList = EF9AFB7E1EA3F52D002F3FEC /* Build configuration list for PBXProject "ShareToWear" */;
			compatibilityVersion = "Xcode 3.2";
			developmentRegion = English;
			hasScannedForEncodings = 0;
			knownRegions = (
				en,
				Base,
			);
			mainGroup = EF9AFB7A1EA3F52D002F3FEC;
			productRefGroup = EF9AFB841EA3F52D002F3FEC /* Products */;
			projectDirPath = "";
			projectRoot = "";
			targets = (
				EF9AFB821EA3F52D002F3FEC /* ShareToWear */,
			);
		};
/* End PBXProject section */

/* Begin PBXResourcesBuildPhase section */
		EF9AFB811EA3F52D002F3FEC /* Resources */ = {
			isa = PBXResourcesBuildPhase;
			buildActionMask = 2147483647;
			files = (
				EFB7F3A81EB238D500EA2E02 /* Home1.png in Resources */,
				1681D4161EB199E500BEEC4D /* IMG_2535.jpg in Resources */,
				1681D4171EB199E500BEEC4D /* IMG_2422.jpg in Resources */,
				EFB7F3A71EB238D500EA2E02 /* Hearts1.png in Resources */,
				EF9AFB911EA3F52D002F3FEC /* LaunchScreen.storyboard in Resources */,
				EF02EE6D1EB25DA6006CFECD /* ShareToWear - 151.jpg in Resources */,
				EFB7F3AB1EB239BD00EA2E02 /* Info.png in Resources */,
				1681D4191EB199E500BEEC4D /* IMG_2379.jpg in Resources */,
				EF02EE6F1EB25F41006CFECD /* ShareToWear - 125.jpg in Resources */,
				1681D4181EB199E500BEEC4D /* IMG_2395.jpg in Resources */,
				EF9AFB8E1EA3F52D002F3FEC /* Assets.xcassets in Resources */,
				EF9AFB8C1EA3F52D002F3FEC /* Main.storyboard in Resources */,
				EFB7F3A61EB238D500EA2E02 /* Dress1.png in Resources */,
				EFB7F3A91EB238D500EA2E02 /* MySTW1.png in Resources */,
				1681D41A1EB199E500BEEC4D /* IMG_2339.jpg in Resources */,
			);
			runOnlyForDeploymentPostprocessing = 0;
		};
/* End PBXResourcesBuildPhase section */

/* Begin PBXSourcesBuildPhase section */
		EF9AFB7F1EA3F52D002F3FEC /* Sources */ = {
			isa = PBXSourcesBuildPhase;
			buildActionMask = 2147483647;
			files = (
				EFB7F3AD1EB23D0700EA2E02 /* BrowseDressListing.swift in Sources */,
				1681D3F51EB1664C00BEEC4D /* SubmitReviewViewController.swift in Sources */,
				1681D3F11EB156E800BEEC4D /* ShareViewController.swift in Sources */,
				167DB27C1EA6FC090084D985 /* DressesRentedViewController.swift in Sources */,
				1681D4221EB1A90E00BEEC4D /* RentReviewViewController.swift in Sources */,
				16868CE81EAFBA9C00ED32C9 /* FilterModel.swift in Sources */,
				1681D4041EB17F9200BEEC4D /* UserInfoModel.swift in Sources */,
				16DF66081EAED67C006AB387 /* SizeFilterViewController.swift in Sources */,
				1681D41C1EB19B4900BEEC4D /* DressButtonModel.swift in Sources */,
				16868CE61EAF924E00ED32C9 /* PriceFilterViewController.swift in Sources */,
				1681D4201EB1A32000BEEC4D /* DropOffViewController.swift in Sources */,
				EF9AFBA51EA40D56002F3FEC /* MySTWViewController.swift in Sources */,
				EF9AFB891EA3F52D002F3FEC /* ViewController.swift in Sources */,
				16868CEE1EAFE8B100ED32C9 /* AvailabilityViewController.swift in Sources */,
				EF9AFBA71EA414F3002F3FEC /* AboutViewController.swift in Sources */,
				167DB27A1EA6FB030084D985 /* DressesSharedViewController.swift in Sources */,
				EF9AFB871EA3F52D002F3FEC /* AppDelegate.swift in Sources */,
				1681D40E1EB1928E00BEEC4D /* DressCollection.swift in Sources */,
				16DF66061EAED3B5006AB387 /* BrowseViewController.swift in Sources */,
				1681D3F31EB15F3D00BEEC4D /* SubmitInfoModel.swift in Sources */,
				1681D4101EB1983700BEEC4D /* DressDetailViewController.swift in Sources */,
				1681D41E1EB1A0D700BEEC4D /* RentDressViewController.swift in Sources */,
				1681D3EF1EB151B000BEEC4D /* HomeViewController.swift in Sources */,
				16868CE41EAF868000ED32C9 /* ColorFilterViewController.swift in Sources */,
			);
			runOnlyForDeploymentPostprocessing = 0;
		};
/* End PBXSourcesBuildPhase section */

/* Begin PBXVariantGroup section */
		EF9AFB8A1EA3F52D002F3FEC /* Main.storyboard */ = {
			isa = PBXVariantGroup;
			children = (
				EF9AFB8B1EA3F52D002F3FEC /* Base */,
			);
			name = Main.storyboard;
			sourceTree = "<group>";
		};
		EF9AFB8F1EA3F52D002F3FEC /* LaunchScreen.storyboard */ = {
			isa = PBXVariantGroup;
			children = (
				EF9AFB901EA3F52D002F3FEC /* Base */,
			);
			name = LaunchScreen.storyboard;
			sourceTree = "<group>";
		};
/* End PBXVariantGroup section */

/* Begin XCBuildConfiguration section */
		EF9AFB931EA3F52D002F3FEC /* Debug */ = {
			isa = XCBuildConfiguration;
			buildSettings = {
				ALWAYS_SEARCH_USER_PATHS = NO;
				CLANG_ANALYZER_NONNULL = YES;
				CLANG_ANALYZER_NUMBER_OBJECT_CONVERSION = YES_AGGRESSIVE;
				CLANG_CXX_LANGUAGE_STANDARD = "gnu++0x";
				CLANG_CXX_LIBRARY = "libc++";
				CLANG_ENABLE_MODULES = YES;
				CLANG_ENABLE_OBJC_ARC = YES;
				CLANG_WARN_BOOL_CONVERSION = YES;
				CLANG_WARN_CONSTANT_CONVERSION = YES;
				CLANG_WARN_DIRECT_OBJC_ISA_USAGE = YES_ERROR;
				CLANG_WARN_DOCUMENTATION_COMMENTS = YES;
				CLANG_WARN_EMPTY_BODY = YES;
				CLANG_WARN_ENUM_CONVERSION = YES;
				CLANG_WARN_INFINITE_RECURSION = YES;
				CLANG_WARN_INT_CONVERSION = YES;
				CLANG_WARN_OBJC_ROOT_CLASS = YES_ERROR;
				CLANG_WARN_SUSPICIOUS_MOVE = YES;
				CLANG_WARN_UNREACHABLE_CODE = YES;
				CLANG_WARN__DUPLICATE_METHOD_MATCH = YES;
				"CODE_SIGN_IDENTITY[sdk=iphoneos*]" = "iPhone Developer";
				COPY_PHASE_STRIP = NO;
				DEBUG_INFORMATION_FORMAT = dwarf;
				ENABLE_STRICT_OBJC_MSGSEND = YES;
				ENABLE_TESTABILITY = YES;
				GCC_C_LANGUAGE_STANDARD = gnu99;
				GCC_DYNAMIC_NO_PIC = NO;
				GCC_NO_COMMON_BLOCKS = YES;
				GCC_OPTIMIZATION_LEVEL = 0;
				GCC_PREPROCESSOR_DEFINITIONS = (
					"DEBUG=1",
					"$(inherited)",
				);
				GCC_WARN_64_TO_32_BIT_CONVERSION = YES;
				GCC_WARN_ABOUT_RETURN_TYPE = YES_ERROR;
				GCC_WARN_UNDECLARED_SELECTOR = YES;
				GCC_WARN_UNINITIALIZED_AUTOS = YES_AGGRESSIVE;
				GCC_WARN_UNUSED_FUNCTION = YES;
				GCC_WARN_UNUSED_VARIABLE = YES;
				IPHONEOS_DEPLOYMENT_TARGET = 10.3;
				MTL_ENABLE_DEBUG_INFO = YES;
				ONLY_ACTIVE_ARCH = YES;
				SDKROOT = iphoneos;
				SWIFT_ACTIVE_COMPILATION_CONDITIONS = DEBUG;
				SWIFT_OPTIMIZATION_LEVEL = "-Onone";
			};
			name = Debug;
		};
		EF9AFB941EA3F52D002F3FEC /* Release */ = {
			isa = XCBuildConfiguration;
			buildSettings = {
				ALWAYS_SEARCH_USER_PATHS = NO;
				CLANG_ANALYZER_NONNULL = YES;
				CLANG_ANALYZER_NUMBER_OBJECT_CONVERSION = YES_AGGRESSIVE;
				CLANG_CXX_LANGUAGE_STANDARD = "gnu++0x";
				CLANG_CXX_LIBRARY = "libc++";
				CLANG_ENABLE_MODULES = YES;
				CLANG_ENABLE_OBJC_ARC = YES;
				CLANG_WARN_BOOL_CONVERSION = YES;
				CLANG_WARN_CONSTANT_CONVERSION = YES;
				CLANG_WARN_DIRECT_OBJC_ISA_USAGE = YES_ERROR;
				CLANG_WARN_DOCUMENTATION_COMMENTS = YES;
				CLANG_WARN_EMPTY_BODY = YES;
				CLANG_WARN_ENUM_CONVERSION = YES;
				CLANG_WARN_INFINITE_RECURSION = YES;
				CLANG_WARN_INT_CONVERSION = YES;
				CLANG_WARN_OBJC_ROOT_CLASS = YES_ERROR;
				CLANG_WARN_SUSPICIOUS_MOVE = YES;
				CLANG_WARN_UNREACHABLE_CODE = YES;
				CLANG_WARN__DUPLICATE_METHOD_MATCH = YES;
				"CODE_SIGN_IDENTITY[sdk=iphoneos*]" = "iPhone Developer";
				COPY_PHASE_STRIP = NO;
				DEBUG_INFORMATION_FORMAT = "dwarf-with-dsym";
				ENABLE_NS_ASSERTIONS = NO;
				ENABLE_STRICT_OBJC_MSGSEND = YES;
				GCC_C_LANGUAGE_STANDARD = gnu99;
				GCC_NO_COMMON_BLOCKS = YES;
				GCC_WARN_64_TO_32_BIT_CONVERSION = YES;
				GCC_WARN_ABOUT_RETURN_TYPE = YES_ERROR;
				GCC_WARN_UNDECLARED_SELECTOR = YES;
				GCC_WARN_UNINITIALIZED_AUTOS = YES_AGGRESSIVE;
				GCC_WARN_UNUSED_FUNCTION = YES;
				GCC_WARN_UNUSED_VARIABLE = YES;
				IPHONEOS_DEPLOYMENT_TARGET = 10.3;
				MTL_ENABLE_DEBUG_INFO = NO;
				SDKROOT = iphoneos;
				SWIFT_OPTIMIZATION_LEVEL = "-Owholemodule";
				VALIDATE_PRODUCT = YES;
			};
			name = Release;
		};
		EF9AFB961EA3F52D002F3FEC /* Debug */ = {
			isa = XCBuildConfiguration;
			buildSettings = {
				ASSETCATALOG_COMPILER_APPICON_NAME = AppIcon;
				DEVELOPMENT_TEAM = H383N4F5AA;
				INFOPLIST_FILE = ShareToWear/Info.plist;
				LD_RUNPATH_SEARCH_PATHS = "$(inherited) @executable_path/Frameworks";
				PRODUCT_BUNDLE_IDENTIFIER = edu.middleburycs466.ShareToWear;
				PRODUCT_NAME = "$(TARGET_NAME)";
				SWIFT_VERSION = 3.0;
			};
			name = Debug;
		};
		EF9AFB971EA3F52D002F3FEC /* Release */ = {
			isa = XCBuildConfiguration;
			buildSettings = {
				ASSETCATALOG_COMPILER_APPICON_NAME = AppIcon;
				DEVELOPMENT_TEAM = H383N4F5AA;
				INFOPLIST_FILE = ShareToWear/Info.plist;
				LD_RUNPATH_SEARCH_PATHS = "$(inherited) @executable_path/Frameworks";
				PRODUCT_BUNDLE_IDENTIFIER = edu.middleburycs466.ShareToWear;
				PRODUCT_NAME = "$(TARGET_NAME)";
				SWIFT_VERSION = 3.0;
			};
			name = Release;
		};
/* End XCBuildConfiguration section */

/* Begin XCConfigurationList section */
		EF9AFB7E1EA3F52D002F3FEC /* Build configuration list for PBXProject "ShareToWear" */ = {
			isa = XCConfigurationList;
			buildConfigurations = (
				EF9AFB931EA3F52D002F3FEC /* Debug */,
				EF9AFB941EA3F52D002F3FEC /* Release */,
			);
			defaultConfigurationIsVisible = 0;
			defaultConfigurationName = Release;
		};
		EF9AFB951EA3F52D002F3FEC /* Build configuration list for PBXNativeTarget "ShareToWear" */ = {
			isa = XCConfigurationList;
			buildConfigurations = (
				EF9AFB961EA3F52D002F3FEC /* Debug */,
				EF9AFB971EA3F52D002F3FEC /* Release */,
			);
			defaultConfigurationIsVisible = 0;
			defaultConfigurationName = Release;
		};
/* End XCConfigurationList section */
	};
	rootObject = EF9AFB7B1EA3F52D002F3FEC /* Project object */;
}
