// !$*UTF8*$!
{
	archiveVersion = 1;
	classes = {
	};
	objectVersion = 46;
	objects = {

/* Begin PBXBuildFile section */
		1617CC061EB8CE0D00FA5A57 /* HeartsCollectionViewController.swift in Sources */ = {isa = PBXBuildFile; fileRef = 1617CC051EB8CE0D00FA5A57 /* HeartsCollectionViewController.swift */; };
		1617CC321EBABBB900FA5A57 /* BrowseCollectionViewController.swift in Sources */ = {isa = PBXBuildFile; fileRef = 1617CC311EBABBB900FA5A57 /* BrowseCollectionViewController.swift */; };
		162A0CD61EC0FD8E009BE33E /* RentDressModel.swift in Sources */ = {isa = PBXBuildFile; fileRef = 162A0CD51EC0FD8E009BE33E /* RentDressModel.swift */; };
		162A0D9E1EC118A8009BE33E /* RentedViewController.swift in Sources */ = {isa = PBXBuildFile; fileRef = 162A0D9D1EC118A8009BE33E /* RentedViewController.swift */; };
		16348D8A1EB6341E005D5817 /* GoogleService-Info.plist in Resources */ = {isa = PBXBuildFile; fileRef = 16348D891EB6341E005D5817 /* GoogleService-Info.plist */; };
		167DB27C1EA6FC090084D985 /* DressesRentedViewController.swift in Sources */ = {isa = PBXBuildFile; fileRef = 167DB27B1EA6FC090084D985 /* DressesRentedViewController.swift */; };
		1681D3EF1EB151B000BEEC4D /* HomeViewController.swift in Sources */ = {isa = PBXBuildFile; fileRef = 1681D3EE1EB151B000BEEC4D /* HomeViewController.swift */; };
		1681D3F11EB156E800BEEC4D /* ShareViewController.swift in Sources */ = {isa = PBXBuildFile; fileRef = 1681D3F01EB156E800BEEC4D /* ShareViewController.swift */; };
		1681D3F31EB15F3D00BEEC4D /* SubmitInfoModel.swift in Sources */ = {isa = PBXBuildFile; fileRef = 1681D3F21EB15F3D00BEEC4D /* SubmitInfoModel.swift */; };
		1681D3F51EB1664C00BEEC4D /* SubmitReviewViewController.swift in Sources */ = {isa = PBXBuildFile; fileRef = 1681D3F41EB1664C00BEEC4D /* SubmitReviewViewController.swift */; };
		1681D4101EB1983700BEEC4D /* DressDetailViewController.swift in Sources */ = {isa = PBXBuildFile; fileRef = 1681D40F1EB1983700BEEC4D /* DressDetailViewController.swift */; };
		1681D41C1EB19B4900BEEC4D /* DressButtonModel.swift in Sources */ = {isa = PBXBuildFile; fileRef = 1681D41B1EB19B4900BEEC4D /* DressButtonModel.swift */; };
		1681D41E1EB1A0D700BEEC4D /* RentDressViewController.swift in Sources */ = {isa = PBXBuildFile; fileRef = 1681D41D1EB1A0D700BEEC4D /* RentDressViewController.swift */; };
		1681D4201EB1A32000BEEC4D /* DropOffViewController.swift in Sources */ = {isa = PBXBuildFile; fileRef = 1681D41F1EB1A32000BEEC4D /* DropOffViewController.swift */; };
		1681D4221EB1A90E00BEEC4D /* RentReviewViewController.swift in Sources */ = {isa = PBXBuildFile; fileRef = 1681D4211EB1A90E00BEEC4D /* RentReviewViewController.swift */; };
		1685CC4D1ECF7FBA00A77089 /* SharedViewController.swift in Sources */ = {isa = PBXBuildFile; fileRef = 1685CC4C1ECF7FBA00A77089 /* SharedViewController.swift */; };
		16868CE41EAF868000ED32C9 /* ColorFilterViewController.swift in Sources */ = {isa = PBXBuildFile; fileRef = 16868CE31EAF868000ED32C9 /* ColorFilterViewController.swift */; };
		16868CE61EAF924E00ED32C9 /* PriceFilterViewController.swift in Sources */ = {isa = PBXBuildFile; fileRef = 16868CE51EAF924E00ED32C9 /* PriceFilterViewController.swift */; };
		16868CE81EAFBA9C00ED32C9 /* FilterModel.swift in Sources */ = {isa = PBXBuildFile; fileRef = 16868CE71EAFBA9C00ED32C9 /* FilterModel.swift */; };
		16868CEE1EAFE8B100ED32C9 /* AvailabilityViewController.swift in Sources */ = {isa = PBXBuildFile; fileRef = 16868CED1EAFE8B100ED32C9 /* AvailabilityViewController.swift */; };
		16BDFF541ECBA8E100640E1A /* SharedDressesViewController.swift in Sources */ = {isa = PBXBuildFile; fileRef = 16BDFF531ECBA8E100640E1A /* SharedDressesViewController.swift */; };
		16BDFF561ECBAB4400640E1A /* SharedTableViewCell.swift in Sources */ = {isa = PBXBuildFile; fileRef = 16BDFF551ECBAB4400640E1A /* SharedTableViewCell.swift */; };
		16BDFF5A1ECBEA0000640E1A /* RentedTableViewCell.swift in Sources */ = {isa = PBXBuildFile; fileRef = 16BDFF591ECBEA0000640E1A /* RentedTableViewCell.swift */; };
		16DF66061EAED3B5006AB387 /* BrowseViewController.swift in Sources */ = {isa = PBXBuildFile; fileRef = 16DF66051EAED3B5006AB387 /* BrowseViewController.swift */; };
		16DF66081EAED67C006AB387 /* SizeFilterViewController.swift in Sources */ = {isa = PBXBuildFile; fileRef = 16DF66071EAED67C006AB387 /* SizeFilterViewController.swift */; };
		B38A957549643A2DC79D57E4 /* Pods_ShareToWear.framework in Frameworks */ = {isa = PBXBuildFile; fileRef = 3FFE0686243FFF3F8C4134A8 /* Pods_ShareToWear.framework */; };
		EF8E85671EBD064F001F032C /* DressCellCollectionViewCell.swift in Sources */ = {isa = PBXBuildFile; fileRef = EF8E85661EBD064F001F032C /* DressCellCollectionViewCell.swift */; };
		EF8E85771EBFC885001F032C /* FavModel.swift in Sources */ = {isa = PBXBuildFile; fileRef = EF8E85761EBFC885001F032C /* FavModel.swift */; };
		EF8E85791EBFEC79001F032C /* DressReviewModel.swift in Sources */ = {isa = PBXBuildFile; fileRef = EF8E85781EBFEC79001F032C /* DressReviewModel.swift */; };
		EF8E89401EC11BEE001F032C /* DressRentalModel.swift in Sources */ = {isa = PBXBuildFile; fileRef = EF8E893E1EC11BEE001F032C /* DressRentalModel.swift */; };
		EF8E89421EC11D22001F032C /* HeartsCollectionViewCell.swift in Sources */ = {isa = PBXBuildFile; fileRef = EF8E89411EC11D22001F032C /* HeartsCollectionViewCell.swift */; };
		EF9AFB871EA3F52D002F3FEC /* AppDelegate.swift in Sources */ = {isa = PBXBuildFile; fileRef = EF9AFB861EA3F52D002F3FEC /* AppDelegate.swift */; };
		EF9AFB8C1EA3F52D002F3FEC /* Main.storyboard in Resources */ = {isa = PBXBuildFile; fileRef = EF9AFB8A1EA3F52D002F3FEC /* Main.storyboard */; };
		EF9AFB8E1EA3F52D002F3FEC /* Assets.xcassets in Resources */ = {isa = PBXBuildFile; fileRef = EF9AFB8D1EA3F52D002F3FEC /* Assets.xcassets */; };
		EF9AFB911EA3F52D002F3FEC /* LaunchScreen.storyboard in Resources */ = {isa = PBXBuildFile; fileRef = EF9AFB8F1EA3F52D002F3FEC /* LaunchScreen.storyboard */; };
		EF9AFBA51EA40D56002F3FEC /* MySTWViewController.swift in Sources */ = {isa = PBXBuildFile; fileRef = EF9AFBA41EA40D56002F3FEC /* MySTWViewController.swift */; };
		EF9AFBA71EA414F3002F3FEC /* AboutViewController.swift in Sources */ = {isa = PBXBuildFile; fileRef = EF9AFBA61EA414F3002F3FEC /* AboutViewController.swift */; };
/* End PBXBuildFile section */

/* Begin PBXFileReference section */
		1617CC051EB8CE0D00FA5A57 /* HeartsCollectionViewController.swift */ = {isa = PBXFileReference; fileEncoding = 4; lastKnownFileType = sourcecode.swift; path = HeartsCollectionViewController.swift; sourceTree = "<group>"; };
		1617CC311EBABBB900FA5A57 /* BrowseCollectionViewController.swift */ = {isa = PBXFileReference; fileEncoding = 4; lastKnownFileType = sourcecode.swift; path = BrowseCollectionViewController.swift; sourceTree = "<group>"; };
		162A0CD51EC0FD8E009BE33E /* RentDressModel.swift */ = {isa = PBXFileReference; fileEncoding = 4; lastKnownFileType = sourcecode.swift; path = RentDressModel.swift; sourceTree = "<group>"; };
		162A0D9D1EC118A8009BE33E /* RentedViewController.swift */ = {isa = PBXFileReference; fileEncoding = 4; lastKnownFileType = sourcecode.swift; path = RentedViewController.swift; sourceTree = "<group>"; };
		16348D891EB6341E005D5817 /* GoogleService-Info.plist */ = {isa = PBXFileReference; fileEncoding = 4; lastKnownFileType = text.plist.xml; path = "GoogleService-Info.plist"; sourceTree = "<group>"; };
		167DB27B1EA6FC090084D985 /* DressesRentedViewController.swift */ = {isa = PBXFileReference; fileEncoding = 4; lastKnownFileType = sourcecode.swift; path = DressesRentedViewController.swift; sourceTree = "<group>"; };
		1681D3EE1EB151B000BEEC4D /* HomeViewController.swift */ = {isa = PBXFileReference; fileEncoding = 4; lastKnownFileType = sourcecode.swift; path = HomeViewController.swift; sourceTree = "<group>"; };
		1681D3F01EB156E800BEEC4D /* ShareViewController.swift */ = {isa = PBXFileReference; fileEncoding = 4; lastKnownFileType = sourcecode.swift; path = ShareViewController.swift; sourceTree = "<group>"; };
		1681D3F21EB15F3D00BEEC4D /* SubmitInfoModel.swift */ = {isa = PBXFileReference; fileEncoding = 4; lastKnownFileType = sourcecode.swift; path = SubmitInfoModel.swift; sourceTree = "<group>"; };
		1681D3F41EB1664C00BEEC4D /* SubmitReviewViewController.swift */ = {isa = PBXFileReference; fileEncoding = 4; lastKnownFileType = sourcecode.swift; path = SubmitReviewViewController.swift; sourceTree = "<group>"; };
		1681D40F1EB1983700BEEC4D /* DressDetailViewController.swift */ = {isa = PBXFileReference; fileEncoding = 4; lastKnownFileType = sourcecode.swift; path = DressDetailViewController.swift; sourceTree = "<group>"; };
		1681D41B1EB19B4900BEEC4D /* DressButtonModel.swift */ = {isa = PBXFileReference; fileEncoding = 4; lastKnownFileType = sourcecode.swift; path = DressButtonModel.swift; sourceTree = "<group>"; };
		1681D41D1EB1A0D700BEEC4D /* RentDressViewController.swift */ = {isa = PBXFileReference; fileEncoding = 4; lastKnownFileType = sourcecode.swift; path = RentDressViewController.swift; sourceTree = "<group>"; };
		1681D41F1EB1A32000BEEC4D /* DropOffViewController.swift */ = {isa = PBXFileReference; fileEncoding = 4; lastKnownFileType = sourcecode.swift; path = DropOffViewController.swift; sourceTree = "<group>"; };
		1681D4211EB1A90E00BEEC4D /* RentReviewViewController.swift */ = {isa = PBXFileReference; fileEncoding = 4; lastKnownFileType = sourcecode.swift; path = RentReviewViewController.swift; sourceTree = "<group>"; };
		1685CC4C1ECF7FBA00A77089 /* SharedViewController.swift */ = {isa = PBXFileReference; fileEncoding = 4; lastKnownFileType = sourcecode.swift; path = SharedViewController.swift; sourceTree = "<group>"; };
		16868CE31EAF868000ED32C9 /* ColorFilterViewController.swift */ = {isa = PBXFileReference; fileEncoding = 4; lastKnownFileType = sourcecode.swift; path = ColorFilterViewController.swift; sourceTree = "<group>"; };
		16868CE51EAF924E00ED32C9 /* PriceFilterViewController.swift */ = {isa = PBXFileReference; fileEncoding = 4; lastKnownFileType = sourcecode.swift; path = PriceFilterViewController.swift; sourceTree = "<group>"; };
		16868CE71EAFBA9C00ED32C9 /* FilterModel.swift */ = {isa = PBXFileReference; fileEncoding = 4; lastKnownFileType = sourcecode.swift; path = FilterModel.swift; sourceTree = "<group>"; };
		16868CED1EAFE8B100ED32C9 /* AvailabilityViewController.swift */ = {isa = PBXFileReference; fileEncoding = 4; lastKnownFileType = sourcecode.swift; name = AvailabilityViewController.swift; path = ../AvailabilityViewController.swift; sourceTree = "<group>"; };
		16BDFF531ECBA8E100640E1A /* SharedDressesViewController.swift */ = {isa = PBXFileReference; fileEncoding = 4; lastKnownFileType = sourcecode.swift; path = SharedDressesViewController.swift; sourceTree = "<group>"; };
		16BDFF551ECBAB4400640E1A /* SharedTableViewCell.swift */ = {isa = PBXFileReference; fileEncoding = 4; lastKnownFileType = sourcecode.swift; path = SharedTableViewCell.swift; sourceTree = "<group>"; };
		16BDFF591ECBEA0000640E1A /* RentedTableViewCell.swift */ = {isa = PBXFileReference; fileEncoding = 4; lastKnownFileType = sourcecode.swift; path = RentedTableViewCell.swift; sourceTree = "<group>"; };
		16DF66051EAED3B5006AB387 /* BrowseViewController.swift */ = {isa = PBXFileReference; fileEncoding = 4; lastKnownFileType = sourcecode.swift; path = BrowseViewController.swift; sourceTree = "<group>"; };
		16DF66071EAED67C006AB387 /* SizeFilterViewController.swift */ = {isa = PBXFileReference; fileEncoding = 4; lastKnownFileType = sourcecode.swift; path = SizeFilterViewController.swift; sourceTree = "<group>"; };
		3FFE0686243FFF3F8C4134A8 /* Pods_ShareToWear.framework */ = {isa = PBXFileReference; explicitFileType = wrapper.framework; includeInIndex = 0; path = Pods_ShareToWear.framework; sourceTree = BUILT_PRODUCTS_DIR; };
		4A54448C5CE3F97C2FF26A3A /* Pods-ShareToWear.debug.xcconfig */ = {isa = PBXFileReference; includeInIndex = 1; lastKnownFileType = text.xcconfig; name = "Pods-ShareToWear.debug.xcconfig"; path = "Pods/Target Support Files/Pods-ShareToWear/Pods-ShareToWear.debug.xcconfig"; sourceTree = "<group>"; };
		724E4CBD9B6377BC4315E552 /* Pods-ShareToWear.release.xcconfig */ = {isa = PBXFileReference; includeInIndex = 1; lastKnownFileType = text.xcconfig; name = "Pods-ShareToWear.release.xcconfig"; path = "Pods/Target Support Files/Pods-ShareToWear/Pods-ShareToWear.release.xcconfig"; sourceTree = "<group>"; };
		EF8E85661EBD064F001F032C /* DressCellCollectionViewCell.swift */ = {isa = PBXFileReference; fileEncoding = 4; lastKnownFileType = sourcecode.swift; path = DressCellCollectionViewCell.swift; sourceTree = "<group>"; };
		EF8E85761EBFC885001F032C /* FavModel.swift */ = {isa = PBXFileReference; fileEncoding = 4; lastKnownFileType = sourcecode.swift; path = FavModel.swift; sourceTree = "<group>"; };
		EF8E85781EBFEC79001F032C /* DressReviewModel.swift */ = {isa = PBXFileReference; fileEncoding = 4; lastKnownFileType = sourcecode.swift; path = DressReviewModel.swift; sourceTree = "<group>"; };
		EF8E893E1EC11BEE001F032C /* DressRentalModel.swift */ = {isa = PBXFileReference; fileEncoding = 4; lastKnownFileType = sourcecode.swift; path = DressRentalModel.swift; sourceTree = "<group>"; };
		EF8E89411EC11D22001F032C /* HeartsCollectionViewCell.swift */ = {isa = PBXFileReference; fileEncoding = 4; lastKnownFileType = sourcecode.swift; path = HeartsCollectionViewCell.swift; sourceTree = "<group>"; };
		EF9AFB831EA3F52D002F3FEC /* ShareToWear.app */ = {isa = PBXFileReference; explicitFileType = wrapper.application; includeInIndex = 0; path = ShareToWear.app; sourceTree = BUILT_PRODUCTS_DIR; };
		EF9AFB861EA3F52D002F3FEC /* AppDelegate.swift */ = {isa = PBXFileReference; lastKnownFileType = sourcecode.swift; path = AppDelegate.swift; sourceTree = "<group>"; };
		EF9AFB8B1EA3F52D002F3FEC /* Base */ = {isa = PBXFileReference; lastKnownFileType = file.storyboard; name = Base; path = Base.lproj/Main.storyboard; sourceTree = "<group>"; };
		EF9AFB8D1EA3F52D002F3FEC /* Assets.xcassets */ = {isa = PBXFileReference; lastKnownFileType = folder.assetcatalog; name = Assets.xcassets; path = /Users/Kayla/Downloads/Final/ShareToWear_Presentation/ShareToWear/Assets.xcassets; sourceTree = "<absolute>"; };
		EF9AFB901EA3F52D002F3FEC /* Base */ = {isa = PBXFileReference; lastKnownFileType = file.storyboard; name = Base; path = Base.lproj/LaunchScreen.storyboard; sourceTree = "<group>"; };
		EF9AFB921EA3F52D002F3FEC /* Info.plist */ = {isa = PBXFileReference; lastKnownFileType = text.plist.xml; path = Info.plist; sourceTree = "<group>"; };
		EF9AFBA41EA40D56002F3FEC /* MySTWViewController.swift */ = {isa = PBXFileReference; fileEncoding = 4; lastKnownFileType = sourcecode.swift; path = MySTWViewController.swift; sourceTree = "<group>"; };
		EF9AFBA61EA414F3002F3FEC /* AboutViewController.swift */ = {isa = PBXFileReference; fileEncoding = 4; lastKnownFileType = sourcecode.swift; path = AboutViewController.swift; sourceTree = "<group>"; };
/* End PBXFileReference section */

/* Begin PBXFrameworksBuildPhase section */
		EF9AFB801EA3F52D002F3FEC /* Frameworks */ = {
			isa = PBXFrameworksBuildPhase;
			buildActionMask = 2147483647;
			files = (
				B38A957549643A2DC79D57E4 /* Pods_ShareToWear.framework in Frameworks */,
			);
			runOnlyForDeploymentPostprocessing = 0;
		};
/* End PBXFrameworksBuildPhase section */

/* Begin PBXGroup section */
		1685CC4E1ECF807700A77089 /* Models */ = {
			isa = PBXGroup;
			children = (
				EF8E893E1EC11BEE001F032C /* DressRentalModel.swift */,
				EF8E85781EBFEC79001F032C /* DressReviewModel.swift */,
				16868CE71EAFBA9C00ED32C9 /* FilterModel.swift */,
				EF8E85761EBFC885001F032C /* FavModel.swift */,
				162A0CD51EC0FD8E009BE33E /* RentDressModel.swift */,
				1681D41B1EB19B4900BEEC4D /* DressButtonModel.swift */,
				1681D3F21EB15F3D00BEEC4D /* SubmitInfoModel.swift */,
			);
			name = Models;
			sourceTree = "<group>";
		};
		1685CC4F1ECF80EC00A77089 /* Filter View Controllers */ = {
			isa = PBXGroup;
			children = (
				16868CED1EAFE8B100ED32C9 /* AvailabilityViewController.swift */,
				16DF66071EAED67C006AB387 /* SizeFilterViewController.swift */,
				16868CE31EAF868000ED32C9 /* ColorFilterViewController.swift */,
				16868CE51EAF924E00ED32C9 /* PriceFilterViewController.swift */,
			);
			name = "Filter View Controllers";
			sourceTree = "<group>";
		};
		1685CC501ECF814500A77089 /* Shared and Rented Views */ = {
			isa = PBXGroup;
			children = (
				1685CC4C1ECF7FBA00A77089 /* SharedViewController.swift */,
				16BDFF591ECBEA0000640E1A /* RentedTableViewCell.swift */,
				16BDFF531ECBA8E100640E1A /* SharedDressesViewController.swift */,
				16BDFF551ECBAB4400640E1A /* SharedTableViewCell.swift */,
				167DB27B1EA6FC090084D985 /* DressesRentedViewController.swift */,
			);
			name = "Shared and Rented Views";
			sourceTree = "<group>";
		};
		1685CC511ECF819400A77089 /* Rent Form Contollers */ = {
			isa = PBXGroup;
			children = (
				1681D4211EB1A90E00BEEC4D /* RentReviewViewController.swift */,
				1681D41D1EB1A0D700BEEC4D /* RentDressViewController.swift */,
				1681D41F1EB1A32000BEEC4D /* DropOffViewController.swift */,
			);
			name = "Rent Form Contollers";
			sourceTree = "<group>";
		};
		1685CC521ECF81B700A77089 /* Submit Form Controllers */ = {
			isa = PBXGroup;
			children = (
				1681D3F41EB1664C00BEEC4D /* SubmitReviewViewController.swift */,
				1681D3F01EB156E800BEEC4D /* ShareViewController.swift */,
			);
			name = "Submit Form Controllers";
			sourceTree = "<group>";
		};
		1685CC531ECF81F600A77089 /* Browse Files */ = {
			isa = PBXGroup;
			children = (
				1617CC311EBABBB900FA5A57 /* BrowseCollectionViewController.swift */,
				1681D40F1EB1983700BEEC4D /* DressDetailViewController.swift */,
				EF8E85661EBD064F001F032C /* DressCellCollectionViewCell.swift */,
				16DF66051EAED3B5006AB387 /* BrowseViewController.swift */,
			);
			name = "Browse Files";
			sourceTree = "<group>";
		};
		1A3ABA9FBCCE6C11BC62CE9F /* Frameworks */ = {
			isa = PBXGroup;
			children = (
				3FFE0686243FFF3F8C4134A8 /* Pods_ShareToWear.framework */,
			);
			name = Frameworks;
			sourceTree = "<group>";
		};
		304E74428D90901E27D7DE35 /* Pods */ = {
			isa = PBXGroup;
			children = (
				4A54448C5CE3F97C2FF26A3A /* Pods-ShareToWear.debug.xcconfig */,
				724E4CBD9B6377BC4315E552 /* Pods-ShareToWear.release.xcconfig */,
			);
			name = Pods;
			sourceTree = "<group>";
		};
		EF9AFB7A1EA3F52D002F3FEC = {
			isa = PBXGroup;
			children = (
				EF9AFB851EA3F52D002F3FEC /* ShareToWear */,
				EF9AFB841EA3F52D002F3FEC /* Products */,
				304E74428D90901E27D7DE35 /* Pods */,
				1A3ABA9FBCCE6C11BC62CE9F /* Frameworks */,
			);
			sourceTree = "<group>";
		};
		EF9AFB841EA3F52D002F3FEC /* Products */ = {
			isa = PBXGroup;
			children = (
				EF9AFB831EA3F52D002F3FEC /* ShareToWear.app */,
			);
			name = Products;
			sourceTree = "<group>";
		};
		EF9AFB851EA3F52D002F3FEC /* ShareToWear */ = {
			isa = PBXGroup;
			children = (
				1685CC4E1ECF807700A77089 /* Models */,
				1681D3EE1EB151B000BEEC4D /* HomeViewController.swift */,
				1685CC4F1ECF80EC00A77089 /* Filter View Controllers */,
				1685CC501ECF814500A77089 /* Shared and Rented Views */,
				1685CC531ECF81F600A77089 /* Browse Files */,
				1617CC051EB8CE0D00FA5A57 /* HeartsCollectionViewController.swift */,
				EF8E89411EC11D22001F032C /* HeartsCollectionViewCell.swift */,
				16348D891EB6341E005D5817 /* GoogleService-Info.plist */,
				1685CC511ECF819400A77089 /* Rent Form Contollers */,
				1685CC521ECF81B700A77089 /* Submit Form Controllers */,
				EF9AFB861EA3F52D002F3FEC /* AppDelegate.swift */,
				EF9AFB8A1EA3F52D002F3FEC /* Main.storyboard */,
				EF9AFBA61EA414F3002F3FEC /* AboutViewController.swift */,
				EF9AFBA41EA40D56002F3FEC /* MySTWViewController.swift */,
				EF9AFB8D1EA3F52D002F3FEC /* Assets.xcassets */,
				EF9AFB8F1EA3F52D002F3FEC /* LaunchScreen.storyboard */,
				EF9AFB921EA3F52D002F3FEC /* Info.plist */,
			);
			path = ShareToWear;
			sourceTree = "<group>";
		};
/* End PBXGroup section */

/* Begin PBXNativeTarget section */
		EF9AFB821EA3F52D002F3FEC /* ShareToWear */ = {
			isa = PBXNativeTarget;
			buildConfigurationList = EF9AFB951EA3F52D002F3FEC /* Build configuration list for PBXNativeTarget "ShareToWear" */;
			buildPhases = (
				50C2CA38ED1B7844EB31B89D /* [CP] Check Pods Manifest.lock */,
				EF9AFB7F1EA3F52D002F3FEC /* Sources */,
				EF9AFB801EA3F52D002F3FEC /* Frameworks */,
				EF9AFB811EA3F52D002F3FEC /* Resources */,
				9269272E51E12A4EA92BB93B /* [CP] Embed Pods Frameworks */,
				13C5C2D2E846A975600E0287 /* [CP] Copy Pods Resources */,
			);
			buildRules = (
			);
			dependencies = (
			);
			name = ShareToWear;
			productName = ShareToWear;
			productReference = EF9AFB831EA3F52D002F3FEC /* ShareToWear.app */;
			productType = "com.apple.product-type.application";
		};
/* End PBXNativeTarget section */

/* Begin PBXProject section */
		EF9AFB7B1EA3F52D002F3FEC /* Project object */ = {
			isa = PBXProject;
			attributes = {
				LastSwiftUpdateCheck = 0830;
				LastUpgradeCheck = 0830;
				ORGANIZATIONNAME = "Kayla Nahi";
				TargetAttributes = {
					EF9AFB821EA3F52D002F3FEC = {
						CreatedOnToolsVersion = 8.3.1;
						DevelopmentTeam = TSRANL5S76;
						ProvisioningStyle = Automatic;
					};
				};
			};
			buildConfigurationList = EF9AFB7E1EA3F52D002F3FEC /* Build configuration list for PBXProject "ShareToWear" */;
			compatibilityVersion = "Xcode 3.2";
			developmentRegion = English;
			hasScannedForEncodings = 0;
			knownRegions = (
				en,
				Base,
			);
			mainGroup = EF9AFB7A1EA3F52D002F3FEC;
			productRefGroup = EF9AFB841EA3F52D002F3FEC /* Products */;
			projectDirPath = "";
			projectRoot = "";
			targets = (
				EF9AFB821EA3F52D002F3FEC /* ShareToWear */,
			);
		};
/* End PBXProject section */

/* Begin PBXResourcesBuildPhase section */
		EF9AFB811EA3F52D002F3FEC /* Resources */ = {
			isa = PBXResourcesBuildPhase;
			buildActionMask = 2147483647;
			files = (
				EF9AFB911EA3F52D002F3FEC /* LaunchScreen.storyboard in Resources */,
				EF9AFB8E1EA3F52D002F3FEC /* Assets.xcassets in Resources */,
				16348D8A1EB6341E005D5817 /* GoogleService-Info.plist in Resources */,
				EF9AFB8C1EA3F52D002F3FEC /* Main.storyboard in Resources */,
			);
			runOnlyForDeploymentPostprocessing = 0;
		};
/* End PBXResourcesBuildPhase section */

/* Begin PBXShellScriptBuildPhase section */
		13C5C2D2E846A975600E0287 /* [CP] Copy Pods Resources */ = {
			isa = PBXShellScriptBuildPhase;
			buildActionMask = 2147483647;
			files = (
			);
			inputPaths = (
			);
			name = "[CP] Copy Pods Resources";
			outputPaths = (
			);
			runOnlyForDeploymentPostprocessing = 0;
			shellPath = /bin/sh;
			shellScript = "\"${SRCROOT}/Pods/Target Support Files/Pods-ShareToWear/Pods-ShareToWear-resources.sh\"\n";
			showEnvVarsInLog = 0;
		};
		50C2CA38ED1B7844EB31B89D /* [CP] Check Pods Manifest.lock */ = {
			isa = PBXShellScriptBuildPhase;
			buildActionMask = 2147483647;
			files = (
			);
			inputPaths = (
			);
			name = "[CP] Check Pods Manifest.lock";
			outputPaths = (
			);
			runOnlyForDeploymentPostprocessing = 0;
			shellPath = /bin/sh;
			shellScript = "diff \"${PODS_PODFILE_DIR_PATH}/Podfile.lock\" \"${PODS_ROOT}/Manifest.lock\" > /dev/null\nif [ $? != 0 ] ; then\n    # print error to STDERR\n    echo \"error: The sandbox is not in sync with the Podfile.lock. Run 'pod install' or update your CocoaPods installation.\" >&2\n    exit 1\nfi\n";
			showEnvVarsInLog = 0;
		};
		9269272E51E12A4EA92BB93B /* [CP] Embed Pods Frameworks */ = {
			isa = PBXShellScriptBuildPhase;
			buildActionMask = 2147483647;
			files = (
			);
			inputPaths = (
			);
			name = "[CP] Embed Pods Frameworks";
			outputPaths = (
			);
			runOnlyForDeploymentPostprocessing = 0;
			shellPath = /bin/sh;
			shellScript = "\"${SRCROOT}/Pods/Target Support Files/Pods-ShareToWear/Pods-ShareToWear-frameworks.sh\"\n";
			showEnvVarsInLog = 0;
		};
/* End PBXShellScriptBuildPhase section */

/* Begin PBXSourcesBuildPhase section */
		EF9AFB7F1EA3F52D002F3FEC /* Sources */ = {
			isa = PBXSourcesBuildPhase;
			buildActionMask = 2147483647;
			files = (
				1681D3F51EB1664C00BEEC4D /* SubmitReviewViewController.swift in Sources */,
				1681D3F11EB156E800BEEC4D /* ShareViewController.swift in Sources */,
				16BDFF541ECBA8E100640E1A /* SharedDressesViewController.swift in Sources */,
				167DB27C1EA6FC090084D985 /* DressesRentedViewController.swift in Sources */,
				162A0CD61EC0FD8E009BE33E /* RentDressModel.swift in Sources */,
				1681D4221EB1A90E00BEEC4D /* RentReviewViewController.swift in Sources */,
				16BDFF5A1ECBEA0000640E1A /* RentedTableViewCell.swift in Sources */,
				16868CE81EAFBA9C00ED32C9 /* FilterModel.swift in Sources */,
				EF8E89401EC11BEE001F032C /* DressRentalModel.swift in Sources */,
				16DF66081EAED67C006AB387 /* SizeFilterViewController.swift in Sources */,
				EF8E85671EBD064F001F032C /* DressCellCollectionViewCell.swift in Sources */,
				1685CC4D1ECF7FBA00A77089 /* SharedViewController.swift in Sources */,
				1681D41C1EB19B4900BEEC4D /* DressButtonModel.swift in Sources */,
				16BDFF561ECBAB4400640E1A /* SharedTableViewCell.swift in Sources */,
				16868CE61EAF924E00ED32C9 /* PriceFilterViewController.swift in Sources */,
				EF8E89421EC11D22001F032C /* HeartsCollectionViewCell.swift in Sources */,
				1681D4201EB1A32000BEEC4D /* DropOffViewController.swift in Sources */,
				EF9AFBA51EA40D56002F3FEC /* MySTWViewController.swift in Sources */,
				EF8E85791EBFEC79001F032C /* DressReviewModel.swift in Sources */,
				16868CEE1EAFE8B100ED32C9 /* AvailabilityViewController.swift in Sources */,
				1617CC321EBABBB900FA5A57 /* BrowseCollectionViewController.swift in Sources */,
				EF9AFBA71EA414F3002F3FEC /* AboutViewController.swift in Sources */,
				EF9AFB871EA3F52D002F3FEC /* AppDelegate.swift in Sources */,
				162A0D9E1EC118A8009BE33E /* RentedViewController.swift in Sources */,
				1617CC061EB8CE0D00FA5A57 /* HeartsCollectionViewController.swift in Sources */,
				16DF66061EAED3B5006AB387 /* BrowseViewController.swift in Sources */,
				1681D3F31EB15F3D00BEEC4D /* SubmitInfoModel.swift in Sources */,
				EF8E85771EBFC885001F032C /* FavModel.swift in Sources */,
				1681D4101EB1983700BEEC4D /* DressDetailViewController.swift in Sources */,
				1681D41E1EB1A0D700BEEC4D /* RentDressViewController.swift in Sources */,
				1681D3EF1EB151B000BEEC4D /* HomeViewController.swift in Sources */,
				16868CE41EAF868000ED32C9 /* ColorFilterViewController.swift in Sources */,
			);
			runOnlyForDeploymentPostprocessing = 0;
		};
/* End PBXSourcesBuildPhase section */

/* Begin PBXVariantGroup section */
		EF9AFB8A1EA3F52D002F3FEC /* Main.storyboard */ = {
			isa = PBXVariantGroup;
			children = (
				EF9AFB8B1EA3F52D002F3FEC /* Base */,
			);
			name = Main.storyboard;
			sourceTree = "<group>";
		};
		EF9AFB8F1EA3F52D002F3FEC /* LaunchScreen.storyboard */ = {
			isa = PBXVariantGroup;
			children = (
				EF9AFB901EA3F52D002F3FEC /* Base */,
			);
			name = LaunchScreen.storyboard;
			sourceTree = "<group>";
		};
/* End PBXVariantGroup section */

/* Begin XCBuildConfiguration section */
		EF9AFB931EA3F52D002F3FEC /* Debug */ = {
			isa = XCBuildConfiguration;
			buildSettings = {
				ALWAYS_SEARCH_USER_PATHS = NO;
				CLANG_ANALYZER_NONNULL = YES;
				CLANG_ANALYZER_NUMBER_OBJECT_CONVERSION = YES_AGGRESSIVE;
				CLANG_CXX_LANGUAGE_STANDARD = "gnu++0x";
				CLANG_CXX_LIBRARY = "libc++";
				CLANG_ENABLE_MODULES = YES;
				CLANG_ENABLE_OBJC_ARC = YES;
				CLANG_WARN_BOOL_CONVERSION = YES;
				CLANG_WARN_CONSTANT_CONVERSION = YES;
				CLANG_WARN_DIRECT_OBJC_ISA_USAGE = YES_ERROR;
				CLANG_WARN_DOCUMENTATION_COMMENTS = YES;
				CLANG_WARN_EMPTY_BODY = YES;
				CLANG_WARN_ENUM_CONVERSION = YES;
				CLANG_WARN_INFINITE_RECURSION = YES;
				CLANG_WARN_INT_CONVERSION = YES;
				CLANG_WARN_OBJC_ROOT_CLASS = YES_ERROR;
				CLANG_WARN_SUSPICIOUS_MOVE = YES;
				CLANG_WARN_UNREACHABLE_CODE = YES;
				CLANG_WARN__DUPLICATE_METHOD_MATCH = YES;
				"CODE_SIGN_IDENTITY[sdk=iphoneos*]" = "iPhone Developer";
				COPY_PHASE_STRIP = NO;
				DEBUG_INFORMATION_FORMAT = dwarf;
				ENABLE_STRICT_OBJC_MSGSEND = YES;
				ENABLE_TESTABILITY = YES;
				GCC_C_LANGUAGE_STANDARD = gnu99;
				GCC_DYNAMIC_NO_PIC = NO;
				GCC_NO_COMMON_BLOCKS = YES;
				GCC_OPTIMIZATION_LEVEL = 0;
				GCC_PREPROCESSOR_DEFINITIONS = (
					"DEBUG=1",
					"$(inherited)",
				);
				GCC_WARN_64_TO_32_BIT_CONVERSION = YES;
				GCC_WARN_ABOUT_RETURN_TYPE = YES_ERROR;
				GCC_WARN_UNDECLARED_SELECTOR = YES;
				GCC_WARN_UNINITIALIZED_AUTOS = YES_AGGRESSIVE;
				GCC_WARN_UNUSED_FUNCTION = YES;
				GCC_WARN_UNUSED_VARIABLE = YES;
				IPHONEOS_DEPLOYMENT_TARGET = 10.3;
				MTL_ENABLE_DEBUG_INFO = YES;
				ONLY_ACTIVE_ARCH = YES;
				SDKROOT = iphoneos;
				SWIFT_ACTIVE_COMPILATION_CONDITIONS = DEBUG;
				SWIFT_OPTIMIZATION_LEVEL = "-Onone";
			};
			name = Debug;
		};
		EF9AFB941EA3F52D002F3FEC /* Release */ = {
			isa = XCBuildConfiguration;
			buildSettings = {
				ALWAYS_SEARCH_USER_PATHS = NO;
				CLANG_ANALYZER_NONNULL = YES;
				CLANG_ANALYZER_NUMBER_OBJECT_CONVERSION = YES_AGGRESSIVE;
				CLANG_CXX_LANGUAGE_STANDARD = "gnu++0x";
				CLANG_CXX_LIBRARY = "libc++";
				CLANG_ENABLE_MODULES = YES;
				CLANG_ENABLE_OBJC_ARC = YES;
				CLANG_WARN_BOOL_CONVERSION = YES;
				CLANG_WARN_CONSTANT_CONVERSION = YES;
				CLANG_WARN_DIRECT_OBJC_ISA_USAGE = YES_ERROR;
				CLANG_WARN_DOCUMENTATION_COMMENTS = YES;
				CLANG_WARN_EMPTY_BODY = YES;
				CLANG_WARN_ENUM_CONVERSION = YES;
				CLANG_WARN_INFINITE_RECURSION = YES;
				CLANG_WARN_INT_CONVERSION = YES;
				CLANG_WARN_OBJC_ROOT_CLASS = YES_ERROR;
				CLANG_WARN_SUSPICIOUS_MOVE = YES;
				CLANG_WARN_UNREACHABLE_CODE = YES;
				CLANG_WARN__DUPLICATE_METHOD_MATCH = YES;
				"CODE_SIGN_IDENTITY[sdk=iphoneos*]" = "iPhone Developer";
				COPY_PHASE_STRIP = NO;
				DEBUG_INFORMATION_FORMAT = "dwarf-with-dsym";
				ENABLE_NS_ASSERTIONS = NO;
				ENABLE_STRICT_OBJC_MSGSEND = YES;
				GCC_C_LANGUAGE_STANDARD = gnu99;
				GCC_NO_COMMON_BLOCKS = YES;
				GCC_WARN_64_TO_32_BIT_CONVERSION = YES;
				GCC_WARN_ABOUT_RETURN_TYPE = YES_ERROR;
				GCC_WARN_UNDECLARED_SELECTOR = YES;
				GCC_WARN_UNINITIALIZED_AUTOS = YES_AGGRESSIVE;
				GCC_WARN_UNUSED_FUNCTION = YES;
				GCC_WARN_UNUSED_VARIABLE = YES;
				IPHONEOS_DEPLOYMENT_TARGET = 10.3;
				MTL_ENABLE_DEBUG_INFO = NO;
				SDKROOT = iphoneos;
				SWIFT_OPTIMIZATION_LEVEL = "-Owholemodule";
				VALIDATE_PRODUCT = YES;
			};
			name = Release;
		};
		EF9AFB961EA3F52D002F3FEC /* Debug */ = {
			isa = XCBuildConfiguration;
			baseConfigurationReference = 4A54448C5CE3F97C2FF26A3A /* Pods-ShareToWear.debug.xcconfig */;
			buildSettings = {
				ASSETCATALOG_COMPILER_APPICON_NAME = AppIcon;
				ASSETCATALOG_COMPILER_OPTIMIZATION = "";
				COMPRESS_PNG_FILES = NO;
				DEVELOPMENT_TEAM = TSRANL5S76;
				ENABLE_ONLY_ACTIVE_RESOURCES = NO;
				INFOPLIST_FILE = ShareToWear/Info.plist;
				LD_RUNPATH_SEARCH_PATHS = "$(inherited) @executable_path/Frameworks";
				PRODUCT_BUNDLE_IDENTIFIER = edu.middleburycs466.ShareToWear;
				PRODUCT_NAME = "$(TARGET_NAME)";
				STRIP_PNG_TEXT = YES;
				SWIFT_VERSION = 3.0;
			};
			name = Debug;
		};
		EF9AFB971EA3F52D002F3FEC /* Release */ = {
			isa = XCBuildConfiguration;
			baseConfigurationReference = 724E4CBD9B6377BC4315E552 /* Pods-ShareToWear.release.xcconfig */;
			buildSettings = {
				ASSETCATALOG_COMPILER_APPICON_NAME = AppIcon;
				ASSETCATALOG_COMPILER_OPTIMIZATION = "";
				COMPRESS_PNG_FILES = NO;
				DEVELOPMENT_TEAM = TSRANL5S76;
				ENABLE_ONLY_ACTIVE_RESOURCES = NO;
				INFOPLIST_FILE = ShareToWear/Info.plist;
				LD_RUNPATH_SEARCH_PATHS = "$(inherited) @executable_path/Frameworks";
				PRODUCT_BUNDLE_IDENTIFIER = edu.middleburycs466.ShareToWear;
				PRODUCT_NAME = "$(TARGET_NAME)";
				STRIP_PNG_TEXT = YES;
				SWIFT_VERSION = 3.0;
			};
			name = Release;
		};
/* End XCBuildConfiguration section */

/* Begin XCConfigurationList section */
		EF9AFB7E1EA3F52D002F3FEC /* Build configuration list for PBXProject "ShareToWear" */ = {
			isa = XCConfigurationList;
			buildConfigurations = (
				EF9AFB931EA3F52D002F3FEC /* Debug */,
				EF9AFB941EA3F52D002F3FEC /* Release */,
			);
			defaultConfigurationIsVisible = 0;
			defaultConfigurationName = Release;
		};
		EF9AFB951EA3F52D002F3FEC /* Build configuration list for PBXNativeTarget "ShareToWear" */ = {
			isa = XCConfigurationList;
			buildConfigurations = (
				EF9AFB961EA3F52D002F3FEC /* Debug */,
				EF9AFB971EA3F52D002F3FEC /* Release */,
			);
			defaultConfigurationIsVisible = 0;
			defaultConfigurationName = Release;
		};
/* End XCConfigurationList section */
	};
	rootObject = EF9AFB7B1EA3F52D002F3FEC /* Project object */;
}
